
Microsoft Visual Studio Solution File, Format Version 12.00
# Visual Studio Version 17
VisualStudioVersion = 17.9.34728.123
MinimumVisualStudioVersion = 10.0.40219.1
Project("{FAE04EC0-301F-11D3-BF4B-00C04F79EFBC}") = "DiceRoller", "DiceRoller.csproj", "{A235BD70-8EBA-43D8-8655-80C2F2FDC9AB}"
EndProject
Global
	GlobalSection(SolutionConfigurationPlatforms) = preSolution
		Debug|Any CPU = Debug|Any CPU
		Release|Any CPU = Release|Any CPU
	EndGlobalSection
	GlobalSection(ProjectConfigurationPlatforms) = postSolution
		{A235BD70-8EBA-43D8-8655-80C2F2FDC9AB}.Debug|Any CPU.ActiveCfg = Debug|Any CPU
		{A235BD70-8EBA-43D8-8655-80C2F2FDC9AB}.Debug|Any CPU.Build.0 = Debug|Any CPU
		{A235BD70-8EBA-43D8-8655-80C2F2FDC9AB}.Release|Any CPU.ActiveCfg = Release|Any CPU
		{A235BD70-8EBA-43D8-8655-80C2F2FDC9AB}.Release|Any CPU.Build.0 = Release|Any CPU
	EndGlobalSection
	GlobalSection(SolutionProperties) = preSolution
		HideSolutionNode = FALSE
	EndGlobalSection
	GlobalSection(ExtensibilityGlobals) = postSolution
		SolutionGuid = {6AC6E3DC-E47C-45C1-BCA2-81544FDC1E48}
	EndGlobalSection
EndGlobal
